<?xml version="1.0" encoding="utf-8"?>
<Project ToolsVersion="4.0" xmlns="http://schemas.microsoft.com/developer/msbuild/2003">
  <ItemGroup>
    <Filter Include="源文件">
      <UniqueIdentifier>{4FC737F1-C7A5-4376-A066-2A32D752A2FF}</UniqueIdentifier>
      <Extensions>cpp;c;cc;cxx;def;odl;idl;hpj;bat;asm;asmx</Extensions>
    </Filter>
    <Filter Include="头文件">
      <UniqueIdentifier>{93995380-89BD-4b04-88EB-625FBE52EBFB}</UniqueIdentifier>
      <Extensions>h;hh;hpp;hxx;hm;inl;inc;xsd</Extensions>
    </Filter>
    <Filter Include="资源文件">
      <UniqueIdentifier>{67DA6AB6-F800-4c08-8B7A-83BB121AAD01}</UniqueIdentifier>
      <Extensions>rc;ico;cur;bmp;dlg;rc2;rct;bin;rgs;gif;jpg;jpeg;jpe;resx;tiff;tif;png;wav;mfcribbon-ms</Extensions>
    </Filter>
  </ItemGroup>
  <ItemGroup>
    <ClCompile Include="..\..\src\google\protobuf\any.cc">
      <Filter>源文件</Filter>
    </ClCompile>
    <ClCompile Include="..\..\src\google\protobuf\any.pb.cc">
      <Filter>源文件</Filter>
    </ClCompile>
    <ClCompile Include="..\..\src\google\protobuf\api.pb.cc">
      <Filter>源文件</Filter>
    </ClCompile>
    <ClCompile Include="..\..\src\google\protobuf\arena.cc">
      <Filter>源文件</Filter>
    </ClCompile>
    <ClCompile Include="..\..\src\google\protobuf\arenastring.cc">
      <Filter>源文件</Filter>
    </ClCompile>
    <ClCompile Include="..\..\src\google\protobuf\descriptor.cc">
      <Filter>源文件</Filter>
    </ClCompile>
    <ClCompile Include="..\..\src\google\protobuf\descriptor.pb.cc">
      <Filter>源文件</Filter>
    </ClCompile>
    <ClCompile Include="..\..\src\google\protobuf\descriptor_database.cc">
      <Filter>源文件</Filter>
    </ClCompile>
    <ClCompile Include="..\..\src\google\protobuf\duration.pb.cc">
      <Filter>源文件</Filter>
    </ClCompile>
    <ClCompile Include="..\..\src\google\protobuf\dynamic_message.cc">
      <Filter>源文件</Filter>
    </ClCompile>
    <ClCompile Include="..\..\src\google\protobuf\empty.pb.cc">
      <Filter>源文件</Filter>
    </ClCompile>
    <ClCompile Include="..\..\src\google\protobuf\extension_set.cc">
      <Filter>源文件</Filter>
    </ClCompile>
    <ClCompile Include="..\..\src\google\protobuf\extension_set_heavy.cc">
      <Filter>源文件</Filter>
    </ClCompile>
    <ClCompile Include="..\..\src\google\protobuf\field_mask.pb.cc">
      <Filter>源文件</Filter>
    </ClCompile>
    <ClCompile Include="..\..\src\google\protobuf\generated_message_reflection.cc">
      <Filter>源文件</Filter>
    </ClCompile>
    <ClCompile Include="..\..\src\google\protobuf\generated_message_table_driven.cc">
      <Filter>源文件</Filter>
    </ClCompile>
    <ClCompile Include="..\..\src\google\protobuf\generated_message_table_driven_lite.cc">
      <Filter>源文件</Filter>
    </ClCompile>
    <ClCompile Include="..\..\src\google\protobuf\generated_message_util.cc">
      <Filter>源文件</Filter>
    </ClCompile>
    <ClCompile Include="..\..\src\google\protobuf\map_field.cc">
      <Filter>源文件</Filter>
    </ClCompile>
    <ClCompile Include="..\..\src\google\protobuf\message.cc">
      <Filter>源文件</Filter>
    </ClCompile>
    <ClCompile Include="..\..\src\google\protobuf\message_lite.cc">
      <Filter>源文件</Filter>
    </ClCompile>
    <ClCompile Include="..\..\src\google\protobuf\reflection_ops.cc">
      <Filter>源文件</Filter>
    </ClCompile>
    <ClCompile Include="..\..\src\google\protobuf\repeated_field.cc">
      <Filter>源文件</Filter>
    </ClCompile>
    <ClCompile Include="..\..\src\google\protobuf\service.cc">
      <Filter>源文件</Filter>
    </ClCompile>
    <ClCompile Include="..\..\src\google\protobuf\source_context.pb.cc">
      <Filter>源文件</Filter>
    </ClCompile>
    <ClCompile Include="..\..\src\google\protobuf\struct.pb.cc">
      <Filter>源文件</Filter>
    </ClCompile>
    <ClCompile Include="..\..\src\google\protobuf\text_format.cc">
      <Filter>源文件</Filter>
    </ClCompile>
    <ClCompile Include="..\..\src\google\protobuf\timestamp.pb.cc">
      <Filter>源文件</Filter>
    </ClCompile>
    <ClCompile Include="..\..\src\google\protobuf\type.pb.cc">
      <Filter>源文件</Filter>
    </ClCompile>
    <ClCompile Include="..\..\src\google\protobuf\unknown_field_set.cc">
      <Filter>源文件</Filter>
    </ClCompile>
    <ClCompile Include="..\..\src\google\protobuf\wire_format.cc">
      <Filter>源文件</Filter>
    </ClCompile>
    <ClCompile Include="..\..\src\google\protobuf\wire_format_lite.cc">
      <Filter>源文件</Filter>
    </ClCompile>
    <ClCompile Include="..\..\src\google\protobuf\wrappers.pb.cc">
      <Filter>源文件</Filter>
    </ClCompile>
    <ClCompile Include="..\..\src\google\protobuf\compiler\importer.cc">
      <Filter>源文件</Filter>
    </ClCompile>
    <ClCompile Include="..\..\src\google\protobuf\compiler\parser.cc">
      <Filter>源文件</Filter>
    </ClCompile>
    <ClCompile Include="..\..\src\google\protobuf\io\coded_stream.cc">
      <Filter>源文件</Filter>
    </ClCompile>
    <ClCompile Include="..\..\src\google\protobuf\io\gzip_stream.cc">
      <Filter>源文件</Filter>
    </ClCompile>
    <ClCompile Include="..\..\src\google\protobuf\io\printer.cc">
      <Filter>源文件</Filter>
    </ClCompile>
    <ClCompile Include="..\..\src\google\protobuf\io\strtod.cc">
      <Filter>源文件</Filter>
    </ClCompile>
    <ClCompile Include="..\..\src\google\protobuf\io\tokenizer.cc">
      <Filter>源文件</Filter>
    </ClCompile>
    <ClCompile Include="..\..\src\google\protobuf\io\zero_copy_stream.cc">
      <Filter>源文件</Filter>
    </ClCompile>
    <ClCompile Include="..\..\src\google\protobuf\io\zero_copy_stream_impl.cc">
      <Filter>源文件</Filter>
    </ClCompile>
    <ClCompile Include="..\..\src\google\protobuf\io\zero_copy_stream_impl_lite.cc">
      <Filter>源文件</Filter>
    </ClCompile>
    <ClCompile Include="..\..\src\google\protobuf\stubs\atomicops_internals_x86_gcc.cc">
      <Filter>源文件</Filter>
    </ClCompile>
    <ClCompile Include="..\..\src\google\protobuf\stubs\atomicops_internals_x86_msvc.cc">
      <Filter>源文件</Filter>
    </ClCompile>
    <ClCompile Include="..\..\src\google\protobuf\stubs\bytestream.cc">
      <Filter>源文件</Filter>
    </ClCompile>
    <ClCompile Include="..\..\src\google\protobuf\stubs\common.cc">
      <Filter>源文件</Filter>
    </ClCompile>
    <ClCompile Include="..\..\src\google\protobuf\stubs\int128.cc">
      <Filter>源文件</Filter>
    </ClCompile>
    <ClCompile Include="..\..\src\google\protobuf\stubs\io_win32.cc">
      <Filter>源文件</Filter>
    </ClCompile>
    <ClCompile Include="..\..\src\google\protobuf\stubs\mathlimits.cc">
      <Filter>源文件</Filter>
    </ClCompile>
    <ClCompile Include="..\..\src\google\protobuf\stubs\once.cc">
      <Filter>源文件</Filter>
    </ClCompile>
    <ClCompile Include="..\..\src\google\protobuf\stubs\status.cc">
      <Filter>源文件</Filter>
    </ClCompile>
    <ClCompile Include="..\..\src\google\protobuf\stubs\statusor.cc">
      <Filter>源文件</Filter>
    </ClCompile>
    <ClCompile Include="..\..\src\google\protobuf\stubs\stringpiece.cc">
      <Filter>源文件</Filter>
    </ClCompile>
    <ClCompile Include="..\..\src\google\protobuf\stubs\stringprintf.cc">
      <Filter>源文件</Filter>
    </ClCompile>
    <ClCompile Include="..\..\src\google\protobuf\stubs\structurally_valid.cc">
      <Filter>源文件</Filter>
    </ClCompile>
    <ClCompile Include="..\..\src\google\protobuf\stubs\strutil.cc">
      <Filter>源文件</Filter>
    </ClCompile>
    <ClCompile Include="..\..\src\google\protobuf\stubs\substitute.cc">
      <Filter>源文件</Filter>
    </ClCompile>
    <ClCompile Include="..\..\src\google\protobuf\stubs\time.cc">
      <Filter>源文件</Filter>
    </ClCompile>
    <ClCompile Include="..\..\src\google\protobuf\util\delimited_message_util.cc">
      <Filter>源文件</Filter>
    </ClCompile>
    <ClCompile Include="..\..\src\google\protobuf\util\field_comparator.cc">
      <Filter>源文件</Filter>
    </ClCompile>
    <ClCompile Include="..\..\src\google\protobuf\util\field_mask_util.cc">
      <Filter>源文件</Filter>
    </ClCompile>
    <ClCompile Include="..\..\src\google\protobuf\util\json_util.cc">
      <Filter>源文件</Filter>
    </ClCompile>
    <ClCompile Include="..\..\src\google\protobuf\util\message_differencer.cc">
      <Filter>源文件</Filter>
    </ClCompile>
    <ClCompile Include="..\..\src\google\protobuf\util\time_util.cc">
      <Filter>源文件</Filter>
    </ClCompile>
    <ClCompile Include="..\..\src\google\protobuf\util\type_resolver_util.cc">
      <Filter>源文件</Filter>
    </ClCompile>
    <ClCompile Include="..\..\src\google\protobuf\util\internal\datapiece.cc">
      <Filter>源文件</Filter>
    </ClCompile>
    <ClCompile Include="..\..\src\google\protobuf\util\internal\default_value_objectwriter.cc">
      <Filter>源文件</Filter>
    </ClCompile>
    <ClCompile Include="..\..\src\google\protobuf\util\internal\error_listener.cc">
      <Filter>源文件</Filter>
    </ClCompile>
    <ClCompile Include="..\..\src\google\protobuf\util\internal\field_mask_utility.cc">
      <Filter>源文件</Filter>
    </ClCompile>
    <ClCompile Include="..\..\src\google\protobuf\util\internal\json_escaping.cc">
      <Filter>源文件</Filter>
    </ClCompile>
    <ClCompile Include="..\..\src\google\protobuf\util\internal\json_objectwriter.cc">
      <Filter>源文件</Filter>
    </ClCompile>
    <ClCompile Include="..\..\src\google\protobuf\util\internal\json_stream_parser.cc">
      <Filter>源文件</Filter>
    </ClCompile>
    <ClCompile Include="..\..\src\google\protobuf\util\internal\object_writer.cc">
      <Filter>源文件</Filter>
    </ClCompile>
    <ClCompile Include="..\..\src\google\protobuf\util\internal\proto_writer.cc">
      <Filter>源文件</Filter>
    </ClCompile>
    <ClCompile Include="..\..\src\google\protobuf\util\internal\protostream_objectsource.cc">
      <Filter>源文件</Filter>
    </ClCompile>
    <ClCompile Include="..\..\src\google\protobuf\util\internal\protostream_objectwriter.cc">
      <Filter>源文件</Filter>
    </ClCompile>
    <ClCompile Include="..\..\src\google\protobuf\util\internal\type_info.cc">
      <Filter>源文件</Filter>
    </ClCompile>
    <ClCompile Include="..\..\src\google\protobuf\util\internal\type_info_test_helper.cc">
      <Filter>源文件</Filter>
    </ClCompile>
    <ClCompile Include="..\..\src\google\protobuf\util\internal\utility.cc">
      <Filter>源文件</Filter>
    </ClCompile>
  </ItemGroup>
  <ItemGroup>
    <ClInclude Include="..\..\src\google\protobuf\any.h">
      <Filter>源文件</Filter>
    </ClInclude>
    <ClInclude Include="..\..\src\google\protobuf\any.pb.h">
      <Filter>源文件</Filter>
    </ClInclude>
    <ClInclude Include="..\..\src\google\protobuf\api.pb.h">
      <Filter>源文件</Filter>
    </ClInclude>
    <ClInclude Include="..\..\src\google\protobuf\descriptor.h">
      <Filter>源文件</Filter>
    </ClInclude>
    <ClInclude Include="..\..\src\google\protobuf\descriptor.pb.h">
      <Filter>源文件</Filter>
    </ClInclude>
    <ClInclude Include="..\..\src\google\protobuf\descriptor_database.h">
      <Filter>源文件</Filter>
    </ClInclude>
    <ClInclude Include="..\..\src\google\protobuf\duration.pb.h">
      <Filter>源文件</Filter>
    </ClInclude>
    <ClInclude Include="..\..\src\google\protobuf\dynamic_message.h">
      <Filter>源文件</Filter>
    </ClInclude>
    <ClInclude Include="..\..\src\google\protobuf\empty.pb.h">
      <Filter>源文件</Filter>
    </ClInclude>
    <ClInclude Include="..\..\src\google\protobuf\field_mask.pb.h">
      <Filter>源文件</Filter>
    </ClInclude>
    <ClInclude Include="..\..\src\google\protobuf\generated_message_reflection.h">
      <Filter>源文件</Filter>
    </ClInclude>
    <ClInclude Include="..\..\src\google\protobuf\map_field.h">
      <Filter>源文件</Filter>
    </ClInclude>
    <ClInclude Include="..\..\src\google\protobuf\message.h">
      <Filter>源文件</Filter>
    </ClInclude>
    <ClInclude Include="..\..\src\google\protobuf\reflection_ops.h">
      <Filter>源文件</Filter>
    </ClInclude>
    <ClInclude Include="..\..\src\google\protobuf\service.h">
      <Filter>源文件</Filter>
    </ClInclude>
    <ClInclude Include="..\..\src\google\protobuf\source_context.pb.h">
      <Filter>源文件</Filter>
    </ClInclude>
    <ClInclude Include="..\..\src\google\protobuf\struct.pb.h">
      <Filter>源文件</Filter>
    </ClInclude>
    <ClInclude Include="..\..\src\google\protobuf\text_format.h">
      <Filter>源文件</Filter>
    </ClInclude>
    <ClInclude Include="..\..\src\google\protobuf\timestamp.pb.h">
      <Filter>源文件</Filter>
    </ClInclude>
    <ClInclude Include="..\..\src\google\protobuf\type.pb.h">
      <Filter>源文件</Filter>
    </ClInclude>
    <ClInclude Include="..\..\src\google\protobuf\unknown_field_set.h">
      <Filter>源文件</Filter>
    </ClInclude>
    <ClInclude Include="..\..\src\google\protobuf\wire_format.h">
      <Filter>源文件</Filter>
    </ClInclude>
    <ClInclude Include="..\..\src\google\protobuf\wrappers.pb.h">
      <Filter>源文件</Filter>
    </ClInclude>
    <ClInclude Include="..\..\src\google\protobuf\compiler\importer.h">
      <Filter>源文件</Filter>
    </ClInclude>
    <ClInclude Include="..\..\src\google\protobuf\compiler\parser.h">
      <Filter>源文件</Filter>
    </ClInclude>
    <ClInclude Include="..\..\src\google\protobuf\io\gzip_stream.h">
      <Filter>源文件</Filter>
    </ClInclude>
    <ClInclude Include="..\..\src\google\protobuf\io\printer.h">
      <Filter>源文件</Filter>
    </ClInclude>
    <ClInclude Include="..\..\src\google\protobuf\io\strtod.h">
      <Filter>源文件</Filter>
    </ClInclude>
    <ClInclude Include="..\..\src\google\protobuf\io\tokenizer.h">
      <Filter>源文件</Filter>
    </ClInclude>
    <ClInclude Include="..\..\src\google\protobuf\io\zero_copy_stream_impl.h">
      <Filter>源文件</Filter>
    </ClInclude>
    <ClInclude Include="..\..\src\google\protobuf\stubs\mathlimits.h">
      <Filter>源文件</Filter>
    </ClInclude>
    <ClInclude Include="..\..\src\google\protobuf\stubs\substitute.h">
      <Filter>源文件</Filter>
    </ClInclude>
    <ClInclude Include="..\..\src\google\protobuf\util\delimited_message_util.h">
      <Filter>源文件</Filter>
    </ClInclude>
    <ClInclude Include="..\..\src\google\protobuf\util\field_comparator.h">
      <Filter>源文件</Filter>
    </ClInclude>
    <ClInclude Include="..\..\src\google\protobuf\util\field_mask_util.h">
      <Filter>源文件</Filter>
    </ClInclude>
    <ClInclude Include="..\..\src\google\protobuf\util\json_util.h">
      <Filter>源文件</Filter>
    </ClInclude>
    <ClInclude Include="..\..\src\google\protobuf\util\message_differencer.h">
      <Filter>源文件</Filter>
    </ClInclude>
    <ClInclude Include="..\..\src\google\protobuf\util\time_util.h">
      <Filter>源文件</Filter>
    </ClInclude>
    <ClInclude Include="..\..\src\google\protobuf\util\type_resolver_util.h">
      <Filter>源文件</Filter>
    </ClInclude>
    <ClInclude Include="..\..\src\google\protobuf\util\internal\datapiece.h">
      <Filter>源文件</Filter>
    </ClInclude>
    <ClInclude Include="..\..\src\google\protobuf\util\internal\default_value_objectwriter.h">
      <Filter>源文件</Filter>
    </ClInclude>
    <ClInclude Include="..\..\src\google\protobuf\util\internal\error_listener.h">
      <Filter>源文件</Filter>
    </ClInclude>
    <ClInclude Include="..\..\src\google\protobuf\util\internal\field_mask_utility.h">
      <Filter>源文件</Filter>
    </ClInclude>
    <ClInclude Include="..\..\src\google\protobuf\util\internal\json_escaping.h">
      <Filter>源文件</Filter>
    </ClInclude>
    <ClInclude Include="..\..\src\google\protobuf\util\internal\json_objectwriter.h">
      <Filter>源文件</Filter>
    </ClInclude>
    <ClInclude Include="..\..\src\google\protobuf\util\internal\json_stream_parser.h">
      <Filter>源文件</Filter>
    </ClInclude>
    <ClInclude Include="..\..\src\google\protobuf\util\internal\object_writer.h">
      <Filter>源文件</Filter>
    </ClInclude>
    <ClInclude Include="..\..\src\google\protobuf\util\internal\proto_writer.h">
      <Filter>源文件</Filter>
    </ClInclude>
    <ClInclude Include="..\..\src\google\protobuf\util\internal\protostream_objectsource.h">
      <Filter>源文件</Filter>
    </ClInclude>
    <ClInclude Include="..\..\src\google\protobuf\util\internal\protostream_objectwriter.h">
      <Filter>源文件</Filter>
    </ClInclude>
    <ClInclude Include="..\..\src\google\protobuf\util\internal\type_info.h">
      <Filter>源文件</Filter>
    </ClInclude>
    <ClInclude Include="..\..\src\google\protobuf\util\internal\type_info_test_helper.h">
      <Filter>源文件</Filter>
    </ClInclude>
    <ClInclude Include="..\..\src\google\protobuf\util\internal\utility.h">
      <Filter>源文件</Filter>
    </ClInclude>
  </ItemGroup>
</Project>